
Microsoft Visual Studio Solution File, Format Version 12.00
# Visual Studio Version 17
VisualStudioVersion = 17.8.34525.116
MinimumVisualStudioVersion = 10.0.40219.1
Project("{8BC9CEB8-8B4A-11D0-8D11-00A0C91BC942}") = "GitTest", "GitTest\GitTest.vcxproj", "{6486FC76-26A3-4FB9-8FC8-B49A0D8DAC13}"
EndProject
Global
	GlobalSection(SolutionConfigurationPlatforms) = preSolution
		Debug|x64 = Debug|x64
		Debug|x86 = Debug|x86
		Release|x64 = Release|x64
		Release|x86 = Release|x86
	EndGlobalSection
	GlobalSection(ProjectConfigurationPlatforms) = postSolution
		{6486FC76-26A3-4FB9-8FC8-B49A0D8DAC13}.Debug|x64.ActiveCfg = Debug|x64
		{6486FC76-26A3-4FB9-8FC8-B49A0D8DAC13}.Debug|x64.Build.0 = Debug|x64
		{6486FC76-26A3-4FB9-8FC8-B49A0D8DAC13}.Debug|x86.ActiveCfg = Debug|Win32
		{6486FC76-26A3-4FB9-8FC8-B49A0D8DAC13}.Debug|x86.Build.0 = Debug|Win32
		{6486FC76-26A3-4FB9-8FC8-B49A0D8DAC13}.Release|x64.ActiveCfg = Release|x64
		{6486FC76-26A3-4FB9-8FC8-B49A0D8DAC13}.Release|x64.Build.0 = Release|x64
		{6486FC76-26A3-4FB9-8FC8-B49A0D8DAC13}.Release|x86.ActiveCfg = Release|Win32
		{6486FC76-26A3-4FB9-8FC8-B49A0D8DAC13}.Release|x86.Build.0 = Release|Win32
	EndGlobalSection
	GlobalSection(SolutionProperties) = preSolution
		HideSolutionNode = FALSE
	EndGlobalSection
	GlobalSection(ExtensibilityGlobals) = postSolution
		SolutionGuid = {D5C42E17-43C7-4485-805C-FF5508AA7674}
	EndGlobalSection
EndGlobal
